
Microsoft Visual Studio Solution File, Format Version 12.00
# Visual Studio Version 17
VisualStudioVersion = 17.9.34622.214
MinimumVisualStudioVersion = 10.0.40219.1
Project("{FAE04EC0-301F-11D3-BF4B-00C04F79EFBC}") = "Tech.Exam.Emite", "Tech.Exam.Emite.csproj", "{0EB6DA81-CBDC-4C68-AD82-3630E4669970}"
EndProject
Global
	GlobalSection(SolutionConfigurationPlatforms) = preSolution
		Debug|Any CPU = Debug|Any CPU
		Release|Any CPU = Release|Any CPU
	EndGlobalSection
	GlobalSection(ProjectConfigurationPlatforms) = postSolution
		{0EB6DA81-CBDC-4C68-AD82-3630E4669970}.Debug|Any CPU.ActiveCfg = Debug|Any CPU
		{0EB6DA81-CBDC-4C68-AD82-3630E4669970}.Debug|Any CPU.Build.0 = Debug|Any CPU
		{0EB6DA81-CBDC-4C68-AD82-3630E4669970}.Release|Any CPU.ActiveCfg = Release|Any CPU
		{0EB6DA81-CBDC-4C68-AD82-3630E4669970}.Release|Any CPU.Build.0 = Release|Any CPU
	EndGlobalSection
	GlobalSection(SolutionProperties) = preSolution
		HideSolutionNode = FALSE
	EndGlobalSection
	GlobalSection(ExtensibilityGlobals) = postSolution
		SolutionGuid = {499CE373-CC4E-44AC-A4CB-EE4911C2AE8D}
	EndGlobalSection
EndGlobal
